<?xml version="1.0" encoding="utf-8"?>
<Project ToolsVersion="4.0" xmlns="http://schemas.microsoft.com/developer/msbuild/2003">
  <ItemGroup>
    <Filter Include="Source Files">
      <UniqueIdentifier>{6aed265f-e540-4c9a-b82a-e28840625b2c}</UniqueIdentifier>
      <Extensions>cpp;c;cxx;rc;def;r;odl;idl;hpj;bat;for;f90</Extensions>
    </Filter>
    <Filter Include="Header Files">
      <UniqueIdentifier>{d09ae068-b75b-42cb-8112-651eb3f43d7f}</UniqueIdentifier>
      <Extensions>h;hpp;hxx;hm;inl;fi;fd</Extensions>
    </Filter>
    <Filter Include="Resource Files">
      <UniqueIdentifier>{dec0f4ce-4aa7-4ca8-8099-f3c26c7343ec}</UniqueIdentifier>
      <Extensions>ico;cur;bmp;dlg;rc2;rct;bin;cnt;rtf;gif;jpg;jpeg;jpe</Extensions>
    </Filter>
  </ItemGroup>
  <ItemGroup>
    <ClCompile Include="src\cagd.c">
      <Filter>Source Files</Filter>
    </ClCompile>
    <ClCompile Include="src\callback.c">
      <Filter>Source Files</Filter>
    </ClCompile>
    <ClCompile Include="src\segment.c">
      <Filter>Source Files</Filter>
    </ClCompile>
  </ItemGroup>
  <ItemGroup>
    <ClInclude Include="include\cagd.h">
      <Filter>Header Files</Filter>
    </ClInclude>
  </ItemGroup>
</Project>